// !$*UTF8*$!
{
	archiveVersion = 1;
	classes = {
	};
	objectVersion = 45;
	objects = {

/* Begin PBXBuildFile section */
		86BDBD7812E32D0D00EB4465 /* taskimpl.h in Headers */ = {isa = PBXBuildFile; fileRef = 86BDBD6912E32D0D00EB4465 /* taskimpl.h */; };
		86BDBD7912E32D0D00EB4465 /* task.h in Headers */ = {isa = PBXBuildFile; fileRef = 86BDBD6A12E32D0D00EB4465 /* task.h */; };
		86BDBD7A12E32D0D00EB4465 /* task.c in Sources */ = {isa = PBXBuildFile; fileRef = 86BDBD6B12E32D0D00EB4465 /* task.c */; };
		86BDBD7B12E32D0D00EB4465 /* rendez.c in Sources */ = {isa = PBXBuildFile; fileRef = 86BDBD6C12E32D0D00EB4465 /* rendez.c */; };
		86BDBD7C12E32D0D00EB4465 /* qlock.c in Sources */ = {isa = PBXBuildFile; fileRef = 86BDBD6D12E32D0D00EB4465 /* qlock.c */; };
		86BDBD7D12E32D0D00EB4465 /* print.c in Sources */ = {isa = PBXBuildFile; fileRef = 86BDBD6E12E32D0D00EB4465 /* print.c */; };
		86BDBD7E12E32D0D00EB4465 /* power-ucontext.h in Headers */ = {isa = PBXBuildFile; fileRef = 86BDBD6F12E32D0D00EB4465 /* power-ucontext.h */; };
		86BDBD7F12E32D0D00EB4465 /* net.c in Sources */ = {isa = PBXBuildFile; fileRef = 86BDBD7012E32D0D00EB4465 /* net.c */; };
		86BDBD8012E32D0D00EB4465 /* mips-ucontext.h in Headers */ = {isa = PBXBuildFile; fileRef = 86BDBD7112E32D0D00EB4465 /* mips-ucontext.h */; };
		86BDBD8112E32D0D00EB4465 /* fd.c in Sources */ = {isa = PBXBuildFile; fileRef = 86BDBD7212E32D0D00EB4465 /* fd.c */; };
		86BDBD8212E32D0D00EB4465 /* context.c in Sources */ = {isa = PBXBuildFile; fileRef = 86BDBD7312E32D0D00EB4465 /* context.c */; };
		86BDBD8312E32D0D00EB4465 /* channel.c in Sources */ = {isa = PBXBuildFile; fileRef = 86BDBD7412E32D0D00EB4465 /* channel.c */; };
		86BDBD8412E32D0D00EB4465 /* asm.S in Sources */ = {isa = PBXBuildFile; fileRef = 86BDBD7512E32D0D00EB4465 /* asm.S */; };
		86BDBD8512E32D0D00EB4465 /* amd64-ucontext.h in Headers */ = {isa = PBXBuildFile; fileRef = 86BDBD7612E32D0D00EB4465 /* amd64-ucontext.h */; };
		86BDBD8612E32D0D00EB4465 /* 386-ucontext.h in Headers */ = {isa = PBXBuildFile; fileRef = 86BDBD7712E32D0D00EB4465 /* 386-ucontext.h */; };
		AACBBE4A0F95108600F1A2B1 /* Foundation.framework in Frameworks */ = {isa = PBXBuildFile; fileRef = AACBBE490F95108600F1A2B1 /* Foundation.framework */; };
/* End PBXBuildFile section */

/* Begin PBXFileReference section */
		862F02A212E427D500C9FCA5 /* primes.c */ = {isa = PBXFileReference; explicitFileType = sourcecode.c.objc; fileEncoding = 4; path = primes.c; sourceTree = "<group>"; };
		86BDBD6912E32D0D00EB4465 /* taskimpl.h */ = {isa = PBXFileReference; fileEncoding = 4; lastKnownFileType = sourcecode.c.h; path = taskimpl.h; sourceTree = "<group>"; };
		86BDBD6A12E32D0D00EB4465 /* task.h */ = {isa = PBXFileReference; fileEncoding = 4; lastKnownFileType = sourcecode.c.h; path = task.h; sourceTree = "<group>"; };
		86BDBD6B12E32D0D00EB4465 /* task.c */ = {isa = PBXFileReference; fileEncoding = 4; lastKnownFileType = sourcecode.c.c; path = task.c; sourceTree = "<group>"; };
		86BDBD6C12E32D0D00EB4465 /* rendez.c */ = {isa = PBXFileReference; fileEncoding = 4; lastKnownFileType = sourcecode.c.c; path = rendez.c; sourceTree = "<group>"; };
		86BDBD6D12E32D0D00EB4465 /* qlock.c */ = {isa = PBXFileReference; fileEncoding = 4; lastKnownFileType = sourcecode.c.c; path = qlock.c; sourceTree = "<group>"; };
		86BDBD6E12E32D0D00EB4465 /* print.c */ = {isa = PBXFileReference; fileEncoding = 4; lastKnownFileType = sourcecode.c.c; path = print.c; sourceTree = "<group>"; };
		86BDBD6F12E32D0D00EB4465 /* power-ucontext.h */ = {isa = PBXFileReference; fileEncoding = 4; lastKnownFileType = sourcecode.c.h; path = "power-ucontext.h"; sourceTree = "<group>"; };
		86BDBD7012E32D0D00EB4465 /* net.c */ = {isa = PBXFileReference; fileEncoding = 4; lastKnownFileType = sourcecode.c.c; path = net.c; sourceTree = "<group>"; };
		86BDBD7112E32D0D00EB4465 /* mips-ucontext.h */ = {isa = PBXFileReference; fileEncoding = 4; lastKnownFileType = sourcecode.c.h; path = "mips-ucontext.h"; sourceTree = "<group>"; };
		86BDBD7212E32D0D00EB4465 /* fd.c */ = {isa = PBXFileReference; fileEncoding = 4; lastKnownFileType = sourcecode.c.c; path = fd.c; sourceTree = "<group>"; };
		86BDBD7312E32D0D00EB4465 /* context.c */ = {isa = PBXFileReference; fileEncoding = 4; lastKnownFileType = sourcecode.c.c; path = context.c; sourceTree = "<group>"; };
		86BDBD7412E32D0D00EB4465 /* channel.c */ = {isa = PBXFileReference; fileEncoding = 4; lastKnownFileType = sourcecode.c.c; path = channel.c; sourceTree = "<group>"; };
		86BDBD7512E32D0D00EB4465 /* asm.S */ = {isa = PBXFileReference; fileEncoding = 4; lastKnownFileType = sourcecode.asm; path = asm.S; sourceTree = "<group>"; };
		86BDBD7612E32D0D00EB4465 /* amd64-ucontext.h */ = {isa = PBXFileReference; fileEncoding = 4; lastKnownFileType = sourcecode.c.h; path = "amd64-ucontext.h"; sourceTree = "<group>"; };
		86BDBD7712E32D0D00EB4465 /* 386-ucontext.h */ = {isa = PBXFileReference; fileEncoding = 4; lastKnownFileType = sourcecode.c.h; path = "386-ucontext.h"; sourceTree = "<group>"; };
		AACBBE490F95108600F1A2B1 /* Foundation.framework */ = {isa = PBXFileReference; lastKnownFileType = wrapper.framework; name = Foundation.framework; path = System/Library/Frameworks/Foundation.framework; sourceTree = SDKROOT; };
		D2AAC07E0554694100DB518D /* libtask.a */ = {isa = PBXFileReference; explicitFileType = archive.ar; includeInIndex = 0; path = libtask.a; sourceTree = BUILT_PRODUCTS_DIR; };
/* End PBXFileReference section */

/* Begin PBXFrameworksBuildPhase section */
		D2AAC07C0554694100DB518D /* Frameworks */ = {
			isa = PBXFrameworksBuildPhase;
			buildActionMask = 2147483647;
			files = (
				AACBBE4A0F95108600F1A2B1 /* Foundation.framework in Frameworks */,
			);
			runOnlyForDeploymentPostprocessing = 0;
		};
/* End PBXFrameworksBuildPhase section */

/* Begin PBXGroup section */
		034768DFFF38A50411DB9C8B /* Products */ = {
			isa = PBXGroup;
			children = (
				D2AAC07E0554694100DB518D /* libtask.a */,
			);
			name = Products;
			sourceTree = "<group>";
		};
		0867D691FE84028FC02AAC07 /* task */ = {
			isa = PBXGroup;
			children = (
				08FB77AEFE84172EC02AAC07 /* Classes */,
				32C88DFF0371C24200C91783 /* Other Sources */,
				0867D69AFE84028FC02AAC07 /* Frameworks */,
				034768DFFF38A50411DB9C8B /* Products */,
			);
			name = task;
			sourceTree = "<group>";
		};
		0867D69AFE84028FC02AAC07 /* Frameworks */ = {
			isa = PBXGroup;
			children = (
				AACBBE490F95108600F1A2B1 /* Foundation.framework */,
			);
			name = Frameworks;
			sourceTree = "<group>";
		};
		08FB77AEFE84172EC02AAC07 /* Classes */ = {
			isa = PBXGroup;
			children = (
				862F02A212E427D500C9FCA5 /* primes.c */,
				86BDBD6912E32D0D00EB4465 /* taskimpl.h */,
				86BDBD6A12E32D0D00EB4465 /* task.h */,
				86BDBD6B12E32D0D00EB4465 /* task.c */,
				86BDBD6C12E32D0D00EB4465 /* rendez.c */,
				86BDBD6D12E32D0D00EB4465 /* qlock.c */,
				86BDBD6E12E32D0D00EB4465 /* print.c */,
				86BDBD6F12E32D0D00EB4465 /* power-ucontext.h */,
				86BDBD7012E32D0D00EB4465 /* net.c */,
				86BDBD7112E32D0D00EB4465 /* mips-ucontext.h */,
				86BDBD7212E32D0D00EB4465 /* fd.c */,
				86BDBD7312E32D0D00EB4465 /* context.c */,
				86BDBD7412E32D0D00EB4465 /* channel.c */,
				86BDBD7512E32D0D00EB4465 /* asm.S */,
				86BDBD7612E32D0D00EB4465 /* amd64-ucontext.h */,
				86BDBD7712E32D0D00EB4465 /* 386-ucontext.h */,
			);
			name = Classes;
			sourceTree = "<group>";
		};
		32C88DFF0371C24200C91783 /* Other Sources */ = {
			isa = PBXGroup;
			children = (
			);
			name = "Other Sources";
			sourceTree = "<group>";
		};
/* End PBXGroup section */

/* Begin PBXHeadersBuildPhase section */
		D2AAC07A0554694100DB518D /* Headers */ = {
			isa = PBXHeadersBuildPhase;
			buildActionMask = 2147483647;
			files = (
				86BDBD7812E32D0D00EB4465 /* taskimpl.h in Headers */,
				86BDBD7912E32D0D00EB4465 /* task.h in Headers */,
				86BDBD7E12E32D0D00EB4465 /* power-ucontext.h in Headers */,
				86BDBD8012E32D0D00EB4465 /* mips-ucontext.h in Headers */,
				86BDBD8512E32D0D00EB4465 /* amd64-ucontext.h in Headers */,
				86BDBD8612E32D0D00EB4465 /* 386-ucontext.h in Headers */,
			);
			runOnlyForDeploymentPostprocessing = 0;
		};
/* End PBXHeadersBuildPhase section */

/* Begin PBXNativeTarget section */
		D2AAC07D0554694100DB518D /* task */ = {
			isa = PBXNativeTarget;
			buildConfigurationList = 1DEB921E08733DC00010E9CD /* Build configuration list for PBXNativeTarget "task" */;
			buildPhases = (
				D2AAC07A0554694100DB518D /* Headers */,
				D2AAC07B0554694100DB518D /* Sources */,
				D2AAC07C0554694100DB518D /* Frameworks */,
			);
			buildRules = (
			);
			dependencies = (
			);
			name = task;
			productName = task;
			productReference = D2AAC07E0554694100DB518D /* libtask.a */;
			productType = "com.apple.product-type.library.static";
		};
/* End PBXNativeTarget section */

/* Begin PBXProject section */
		0867D690FE84028FC02AAC07 /* Project object */ = {
			isa = PBXProject;
			buildConfigurationList = 1DEB922208733DC00010E9CD /* Build configuration list for PBXProject "task" */;
			compatibilityVersion = "Xcode 3.1";
			developmentRegion = English;
			hasScannedForEncodings = 1;
			knownRegions = (
				English,
				Japanese,
				French,
				German,
			);
			mainGroup = 0867D691FE84028FC02AAC07 /* task */;
			productRefGroup = 034768DFFF38A50411DB9C8B /* Products */;
			projectDirPath = "";
			projectRoot = "";
			targets = (
				D2AAC07D0554694100DB518D /* task */,
			);
		};
/* End PBXProject section */

/* Begin PBXSourcesBuildPhase section */
		D2AAC07B0554694100DB518D /* Sources */ = {
			isa = PBXSourcesBuildPhase;
			buildActionMask = 2147483647;
			files = (
				86BDBD7A12E32D0D00EB4465 /* task.c in Sources */,
				86BDBD7B12E32D0D00EB4465 /* rendez.c in Sources */,
				86BDBD7C12E32D0D00EB4465 /* qlock.c in Sources */,
				86BDBD7D12E32D0D00EB4465 /* print.c in Sources */,
				86BDBD7F12E32D0D00EB4465 /* net.c in Sources */,
				86BDBD8112E32D0D00EB4465 /* fd.c in Sources */,
				86BDBD8212E32D0D00EB4465 /* context.c in Sources */,
				86BDBD8312E32D0D00EB4465 /* channel.c in Sources */,
				86BDBD8412E32D0D00EB4465 /* asm.S in Sources */,
			);
			runOnlyForDeploymentPostprocessing = 0;
		};
/* End PBXSourcesBuildPhase section */

/* Begin XCBuildConfiguration section */
		1DEB921F08733DC00010E9CD /* Debug */ = {
			isa = XCBuildConfiguration;
			buildSettings = {
				ALWAYS_SEARCH_USER_PATHS = NO;
				ARCHS = "$(ARCHS_STANDARD_32_BIT)";
				COPY_PHASE_STRIP = NO;
				DSTROOT = /tmp/task.dst;
				GCC_DYNAMIC_NO_PIC = NO;
				GCC_ENABLE_FIX_AND_CONTINUE = YES;
				GCC_MODEL_TUNING = G5;
				GCC_OPTIMIZATION_LEVEL = 0;
				GCC_PRECOMPILE_PREFIX_HEADER = NO;
				GCC_PREFIX_HEADER = "";
				INSTALL_PATH = /usr/local/lib;
				PRECOMPS_INCLUDE_HEADERS_FROM_BUILT_PRODUCTS_DIR = YES;
				PRODUCT_NAME = task;
			};
			name = Debug;
		};
		1DEB922008733DC00010E9CD /* Release */ = {
			isa = XCBuildConfiguration;
			buildSettings = {
				ALWAYS_SEARCH_USER_PATHS = NO;
				ARCHS = "$(ARCHS_STANDARD_32_BIT)";
				DSTROOT = /tmp/task.dst;
				GCC_MODEL_TUNING = G5;
				GCC_PRECOMPILE_PREFIX_HEADER = NO;
				GCC_PREFIX_HEADER = "";
				INSTALL_PATH = /usr/local/lib;
				PRECOMPS_INCLUDE_HEADERS_FROM_BUILT_PRODUCTS_DIR = YES;
				PRODUCT_NAME = task;
			};
			name = Release;
		};
		1DEB922308733DC00010E9CD /* Debug */ = {
			isa = XCBuildConfiguration;
			buildSettings = {
				ARCHS = "$(ARCHS_STANDARD_32_BIT)";
				GCC_C_LANGUAGE_STANDARD = c99;
				GCC_OPTIMIZATION_LEVEL = 0;
				GCC_WARN_ABOUT_RETURN_TYPE = YES;
				GCC_WARN_UNUSED_VARIABLE = YES;
				OTHER_LDFLAGS = "-ObjC";
				PREBINDING = NO;
				SDKROOT = iphoneos4.1;
			};
			name = Debug;
		};
		1DEB922408733DC00010E9CD /* Release */ = {
			isa = XCBuildConfiguration;
			buildSettings = {
				ARCHS = "$(ARCHS_STANDARD_32_BIT)";
				GCC_C_LANGUAGE_STANDARD = c99;
				GCC_WARN_ABOUT_RETURN_TYPE = YES;
				GCC_WARN_UNUSED_VARIABLE = YES;
				OTHER_LDFLAGS = "-ObjC";
				PREBINDING = NO;
				SDKROOT = iphoneos4.1;
			};
			name = Release;
		};
/* End XCBuildConfiguration section */

/* Begin XCConfigurationList section */
		1DEB921E08733DC00010E9CD /* Build configuration list for PBXNativeTarget "task" */ = {
			isa = XCConfigurationList;
			buildConfigurations = (
				1DEB921F08733DC00010E9CD /* Debug */,
				1DEB922008733DC00010E9CD /* Release */,
			);
			defaultConfigurationIsVisible = 0;
			defaultConfigurationName = Release;
		};
		1DEB922208733DC00010E9CD /* Build configuration list for PBXProject "task" */ = {
			isa = XCConfigurationList;
			buildConfigurations = (
				1DEB922308733DC00010E9CD /* Debug */,
				1DEB922408733DC00010E9CD /* Release */,
			);
			defaultConfigurationIsVisible = 0;
			defaultConfigurationName = Release;
		};
/* End XCConfigurationList section */
	};
	rootObject = 0867D690FE84028FC02AAC07 /* Project object */;
}
